// !$*UTF8*$!
{
	archiveVersion = 1;
	classes = {
	};
	objectVersion = 55;
	objects = {

/* Begin PBXBuildFile section */
		3F05077F28CA917C0024B256 /* AppDelegate.swift in Sources */ = {isa = PBXBuildFile; fileRef = 3F05077E28CA917C0024B256 /* AppDelegate.swift */; };
		3F05078128CA917C0024B256 /* SceneDelegate.swift in Sources */ = {isa = PBXBuildFile; fileRef = 3F05078028CA917C0024B256 /* SceneDelegate.swift */; };
		3F05078328CA917C0024B256 /* ViewController.swift in Sources */ = {isa = PBXBuildFile; fileRef = 3F05078228CA917C0024B256 /* ViewController.swift */; };
		3F05078628CA917C0024B256 /* Main.storyboard in Resources */ = {isa = PBXBuildFile; fileRef = 3F05078428CA917C0024B256 /* Main.storyboard */; };
		3F05078828CA917D0024B256 /* Assets.xcassets in Resources */ = {isa = PBXBuildFile; fileRef = 3F05078728CA917D0024B256 /* Assets.xcassets */; };
		3F05078B28CA917D0024B256 /* LaunchScreen.storyboard in Resources */ = {isa = PBXBuildFile; fileRef = 3F05078928CA917D0024B256 /* LaunchScreen.storyboard */; };
		3F6E1E9628CB270400C62BA7 /* PubManager.swift in Sources */ = {isa = PBXBuildFile; fileRef = 3F6E1E9528CB270400C62BA7 /* PubManager.swift */; };
		3F6E1E9828CB351400C62BA7 /* Beer.swift in Sources */ = {isa = PBXBuildFile; fileRef = 3F6E1E9728CB351400C62BA7 /* Beer.swift */; };
/* End PBXBuildFile section */

/* Begin PBXFileReference section */
		3F05077B28CA917C0024B256 /* Yury's Favourite Pub.app */ = {isa = PBXFileReference; explicitFileType = wrapper.application; includeInIndex = 0; path = "Yury's Favourite Pub.app"; sourceTree = BUILT_PRODUCTS_DIR; };
		3F05077E28CA917C0024B256 /* AppDelegate.swift */ = {isa = PBXFileReference; lastKnownFileType = sourcecode.swift; path = AppDelegate.swift; sourceTree = "<group>"; };
		3F05078028CA917C0024B256 /* SceneDelegate.swift */ = {isa = PBXFileReference; lastKnownFileType = sourcecode.swift; path = SceneDelegate.swift; sourceTree = "<group>"; };
		3F05078228CA917C0024B256 /* ViewController.swift */ = {isa = PBXFileReference; lastKnownFileType = sourcecode.swift; path = ViewController.swift; sourceTree = "<group>"; };
		3F05078528CA917C0024B256 /* Base */ = {isa = PBXFileReference; lastKnownFileType = file.storyboard; name = Base; path = Base.lproj/Main.storyboard; sourceTree = "<group>"; };
		3F05078728CA917D0024B256 /* Assets.xcassets */ = {isa = PBXFileReference; lastKnownFileType = folder.assetcatalog; path = Assets.xcassets; sourceTree = "<group>"; };
		3F05078A28CA917D0024B256 /* Base */ = {isa = PBXFileReference; lastKnownFileType = file.storyboard; name = Base; path = Base.lproj/LaunchScreen.storyboard; sourceTree = "<group>"; };
		3F05078C28CA917D0024B256 /* Info.plist */ = {isa = PBXFileReference; lastKnownFileType = text.plist.xml; path = Info.plist; sourceTree = "<group>"; };
		3F6E1E9528CB270400C62BA7 /* PubManager.swift */ = {isa = PBXFileReference; lastKnownFileType = sourcecode.swift; path = PubManager.swift; sourceTree = "<group>"; };
		3F6E1E9728CB351400C62BA7 /* Beer.swift */ = {isa = PBXFileReference; lastKnownFileType = sourcecode.swift; path = Beer.swift; sourceTree = "<group>"; };
/* End PBXFileReference section */

/* Begin PBXFrameworksBuildPhase section */
		3F05077828CA917C0024B256 /* Frameworks */ = {
			isa = PBXFrameworksBuildPhase;
			buildActionMask = 2147483647;
			files = (
			);
			runOnlyForDeploymentPostprocessing = 0;
		};
/* End PBXFrameworksBuildPhase section */

/* Begin PBXGroup section */
		3F05077228CA917C0024B256 = {
			isa = PBXGroup;
			children = (
				3F05077D28CA917C0024B256 /* Yury's Favourite Pub */,
				3F05077C28CA917C0024B256 /* Products */,
			);
			sourceTree = "<group>";
		};
		3F05077C28CA917C0024B256 /* Products */ = {
			isa = PBXGroup;
			children = (
				3F05077B28CA917C0024B256 /* Yury's Favourite Pub.app */,
			);
			name = Products;
			sourceTree = "<group>";
		};
		3F05077D28CA917C0024B256 /* Yury's Favourite Pub */ = {
			isa = PBXGroup;
			children = (
				3F05077E28CA917C0024B256 /* AppDelegate.swift */,
				3F05078028CA917C0024B256 /* SceneDelegate.swift */,
				3F05078228CA917C0024B256 /* ViewController.swift */,
				3F6E1E9528CB270400C62BA7 /* PubManager.swift */,
				3F6E1E9728CB351400C62BA7 /* Beer.swift */,
				3F05078428CA917C0024B256 /* Main.storyboard */,
				3F05078728CA917D0024B256 /* Assets.xcassets */,
				3F05078928CA917D0024B256 /* LaunchScreen.storyboard */,
				3F05078C28CA917D0024B256 /* Info.plist */,
			);
			path = "Yury's Favourite Pub";
			sourceTree = "<group>";
		};
/* End PBXGroup section */

/* Begin PBXNativeTarget section */
		3F05077A28CA917C0024B256 /* Yury's Favourite Pub */ = {
			isa = PBXNativeTarget;
			buildConfigurationList = 3F05078F28CA917D0024B256 /* Build configuration list for PBXNativeTarget "Yury's Favourite Pub" */;
			buildPhases = (
				3F05077728CA917C0024B256 /* Sources */,
				3F05077828CA917C0024B256 /* Frameworks */,
				3F05077928CA917C0024B256 /* Resources */,
			);
			buildRules = (
			);
			dependencies = (
			);
			name = "Yury's Favourite Pub";
			productName = "Yury's Favourite Pub";
			productReference = 3F05077B28CA917C0024B256 /* Yury's Favourite Pub.app */;
			productType = "com.apple.product-type.application";
		};
/* End PBXNativeTarget section */

/* Begin PBXProject section */
		3F05077328CA917C0024B256 /* Project object */ = {
			isa = PBXProject;
			attributes = {
				BuildIndependentTargetsInParallel = 1;
				LastSwiftUpdateCheck = 1340;
				LastUpgradeCheck = 1340;
				TargetAttributes = {
					3F05077A28CA917C0024B256 = {
						CreatedOnToolsVersion = 13.4;
					};
				};
			};
			buildConfigurationList = 3F05077628CA917C0024B256 /* Build configuration list for PBXProject "Yury's Favourite Pub" */;
			compatibilityVersion = "Xcode 13.0";
			developmentRegion = en;
			hasScannedForEncodings = 0;
			knownRegions = (
				en,
				Base,
			);
			mainGroup = 3F05077228CA917C0024B256;
			productRefGroup = 3F05077C28CA917C0024B256 /* Products */;
			projectDirPath = "";
			projectRoot = "";
			targets = (
				3F05077A28CA917C0024B256 /* Yury's Favourite Pub */,
			);
		};
/* End PBXProject section */

/* Begin PBXResourcesBuildPhase section */
		3F05077928CA917C0024B256 /* Resources */ = {
			isa = PBXResourcesBuildPhase;
			buildActionMask = 2147483647;
			files = (
				3F05078B28CA917D0024B256 /* LaunchScreen.storyboard in Resources */,
				3F05078828CA917D0024B256 /* Assets.xcassets in Resources */,
				3F05078628CA917C0024B256 /* Main.storyboard in Resources */,
			);
			runOnlyForDeploymentPostprocessing = 0;
		};
/* End PBXResourcesBuildPhase section */

/* Begin PBXSourcesBuildPhase section */
		3F05077728CA917C0024B256 /* Sources */ = {
			isa = PBXSourcesBuildPhase;
			buildActionMask = 2147483647;
			files = (
				3F05078328CA917C0024B256 /* ViewController.swift in Sources */,
				3F6E1E9628CB270400C62BA7 /* PubManager.swift in Sources */,
				3F6E1E9828CB351400C62BA7 /* Beer.swift in Sources */,
				3F05077F28CA917C0024B256 /* AppDelegate.swift in Sources */,
				3F05078128CA917C0024B256 /* SceneDelegate.swift in Sources */,
			);
			runOnlyForDeploymentPostprocessing = 0;
		};
/* End PBXSourcesBuildPhase section */

/* Begin PBXVariantGroup section */
		3F05078428CA917C0024B256 /* Main.storyboard */ = {
			isa = PBXVariantGroup;
			children = (
				3F05078528CA917C0024B256 /* Base */,
			);
			name = Main.storyboard;
			sourceTree = "<group>";
		};
		3F05078928CA917D0024B256 /* LaunchScreen.storyboard */ = {
			isa = PBXVariantGroup;
			children = (
				3F05078A28CA917D0024B256 /* Base */,
			);
			name = LaunchScreen.storyboard;
			sourceTree = "<group>";
		};
/* End PBXVariantGroup section */

/* Begin XCBuildConfiguration section */
		3F05078D28CA917D0024B256 /* Debug */ = {
			isa = XCBuildConfiguration;
			buildSettings = {
				ALWAYS_SEARCH_USER_PATHS = NO;
				CLANG_ANALYZER_NONNULL = YES;
				CLANG_ANALYZER_NUMBER_OBJECT_CONVERSION = YES_AGGRESSIVE;
				CLANG_CXX_LANGUAGE_STANDARD = "gnu++17";
				CLANG_ENABLE_MODULES = YES;
				CLANG_ENABLE_OBJC_ARC = YES;
				CLANG_ENABLE_OBJC_WEAK = YES;
				CLANG_WARN_BLOCK_CAPTURE_AUTORELEASING = YES;
				CLANG_WARN_BOOL_CONVERSION = YES;
				CLANG_WARN_COMMA = YES;
				CLANG_WARN_CONSTANT_CONVERSION = YES;
				CLANG_WARN_DEPRECATED_OBJC_IMPLEMENTATIONS = YES;
				CLANG_WARN_DIRECT_OBJC_ISA_USAGE = YES_ERROR;
				CLANG_WARN_DOCUMENTATION_COMMENTS = YES;
				CLANG_WARN_EMPTY_BODY = YES;
				CLANG_WARN_ENUM_CONVERSION = YES;
				CLANG_WARN_INFINITE_RECURSION = YES;
				CLANG_WARN_INT_CONVERSION = YES;
				CLANG_WARN_NON_LITERAL_NULL_CONVERSION = YES;
				CLANG_WARN_OBJC_IMPLICIT_RETAIN_SELF = YES;
				CLANG_WARN_OBJC_LITERAL_CONVERSION = YES;
				CLANG_WARN_OBJC_ROOT_CLASS = YES_ERROR;
				CLANG_WARN_QUOTED_INCLUDE_IN_FRAMEWORK_HEADER = YES;
				CLANG_WARN_RANGE_LOOP_ANALYSIS = YES;
				CLANG_WARN_STRICT_PROTOTYPES = YES;
				CLANG_WARN_SUSPICIOUS_MOVE = YES;
				CLANG_WARN_UNGUARDED_AVAILABILITY = YES_AGGRESSIVE;
				CLANG_WARN_UNREACHABLE_CODE = YES;
				CLANG_WARN__DUPLICATE_METHOD_MATCH = YES;
				COPY_PHASE_STRIP = NO;
				DEBUG_INFORMATION_FORMAT = dwarf;
				ENABLE_STRICT_OBJC_MSGSEND = YES;
				ENABLE_TESTABILITY = YES;
				GCC_C_LANGUAGE_STANDARD = gnu11;
				GCC_DYNAMIC_NO_PIC = NO;
				GCC_NO_COMMON_BLOCKS = YES;
				GCC_OPTIMIZATION_LEVEL = 0;
				GCC_PREPROCESSOR_DEFINITIONS = (
					"DEBUG=1",
					"$(inherited)",
				);
				GCC_WARN_64_TO_32_BIT_CONVERSION = YES;
				GCC_WARN_ABOUT_RETURN_TYPE = YES_ERROR;
				GCC_WARN_UNDECLARED_SELECTOR = YES;
				GCC_WARN_UNINITIALIZED_AUTOS = YES_AGGRESSIVE;
				GCC_WARN_UNUSED_FUNCTION = YES;
				GCC_WARN_UNUSED_VARIABLE = YES;
				IPHONEOS_DEPLOYMENT_TARGET = 15.5;
				MTL_ENABLE_DEBUG_INFO = INCLUDE_SOURCE;
				MTL_FAST_MATH = YES;
				ONLY_ACTIVE_ARCH = YES;
				SDKROOT = iphoneos;
				SWIFT_ACTIVE_COMPILATION_CONDITIONS = DEBUG;
				SWIFT_OPTIMIZATION_LEVEL = "-Onone";
			};
			name = Debug;
		};
		3F05078E28CA917D0024B256 /* Release */ = {
			isa = XCBuildConfiguration;
			buildSettings = {
				ALWAYS_SEARCH_USER_PATHS = NO;
				CLANG_ANALYZER_NONNULL = YES;
				CLANG_ANALYZER_NUMBER_OBJECT_CONVERSION = YES_AGGRESSIVE;
				CLANG_CXX_LANGUAGE_STANDARD = "gnu++17";
				CLANG_ENABLE_MODULES = YES;
				CLANG_ENABLE_OBJC_ARC = YES;
				CLANG_ENABLE_OBJC_WEAK = YES;
				CLANG_WARN_BLOCK_CAPTURE_AUTORELEASING = YES;
				CLANG_WARN_BOOL_CONVERSION = YES;
				CLANG_WARN_COMMA = YES;
				CLANG_WARN_CONSTANT_CONVERSION = YES;
				CLANG_WARN_DEPRECATED_OBJC_IMPLEMENTATIONS = YES;
				CLANG_WARN_DIRECT_OBJC_ISA_USAGE = YES_ERROR;
				CLANG_WARN_DOCUMENTATION_COMMENTS = YES;
				CLANG_WARN_EMPTY_BODY = YES;
				CLANG_WARN_ENUM_CONVERSION = YES;
				CLANG_WARN_INFINITE_RECURSION = YES;
				CLANG_WARN_INT_CONVERSION = YES;
				CLANG_WARN_NON_LITERAL_NULL_CONVERSION = YES;
				CLANG_WARN_OBJC_IMPLICIT_RETAIN_SELF = YES;
				CLANG_WARN_OBJC_LITERAL_CONVERSION = YES;
				CLANG_WARN_OBJC_ROOT_CLASS = YES_ERROR;
				CLANG_WARN_QUOTED_INCLUDE_IN_FRAMEWORK_HEADER = YES;
				CLANG_WARN_RANGE_LOOP_ANALYSIS = YES;
				CLANG_WARN_STRICT_PROTOTYPES = YES;
				CLANG_WARN_SUSPICIOUS_MOVE = YES;
				CLANG_WARN_UNGUARDED_AVAILABILITY = YES_AGGRESSIVE;
				CLANG_WARN_UNREACHABLE_CODE = YES;
				CLANG_WARN__DUPLICATE_METHOD_MATCH = YES;
				COPY_PHASE_STRIP = NO;
				DEBUG_INFORMATION_FORMAT = "dwarf-with-dsym";
				ENABLE_NS_ASSERTIONS = NO;
				ENABLE_STRICT_OBJC_MSGSEND = YES;
				GCC_C_LANGUAGE_STANDARD = gnu11;
				GCC_NO_COMMON_BLOCKS = YES;
				GCC_WARN_64_TO_32_BIT_CONVERSION = YES;
				GCC_WARN_ABOUT_RETURN_TYPE = YES_ERROR;
				GCC_WARN_UNDECLARED_SELECTOR = YES;
				GCC_WARN_UNINITIALIZED_AUTOS = YES_AGGRESSIVE;
				GCC_WARN_UNUSED_FUNCTION = YES;
				GCC_WARN_UNUSED_VARIABLE = YES;
				IPHONEOS_DEPLOYMENT_TARGET = 15.5;
				MTL_ENABLE_DEBUG_INFO = NO;
				MTL_FAST_MATH = YES;
				SDKROOT = iphoneos;
				SWIFT_COMPILATION_MODE = wholemodule;
				SWIFT_OPTIMIZATION_LEVEL = "-O";
				VALIDATE_PRODUCT = YES;
			};
			name = Release;
		};
		3F05079028CA917D0024B256 /* Debug */ = {
			isa = XCBuildConfiguration;
			buildSettings = {
				ASSETCATALOG_COMPILER_APPICON_NAME = AppIcon;
				ASSETCATALOG_COMPILER_GLOBAL_ACCENT_COLOR_NAME = AccentColor;
				CODE_SIGN_STYLE = Automatic;
				CURRENT_PROJECT_VERSION = 1;
				GENERATE_INFOPLIST_FILE = YES;
				INFOPLIST_FILE = "Yury's Favourite Pub/Info.plist";
				INFOPLIST_KEY_UIApplicationSupportsIndirectInputEvents = YES;
				INFOPLIST_KEY_UILaunchStoryboardName = LaunchScreen;
				INFOPLIST_KEY_UIMainStoryboardFile = Main;
				INFOPLIST_KEY_UISupportedInterfaceOrientations_iPad = "UIInterfaceOrientationPortrait UIInterfaceOrientationPortraitUpsideDown UIInterfaceOrientationLandscapeLeft UIInterfaceOrientationLandscapeRight";
				INFOPLIST_KEY_UISupportedInterfaceOrientations_iPhone = "UIInterfaceOrientationPortrait UIInterfaceOrientationLandscapeLeft UIInterfaceOrientationLandscapeRight";
				LD_RUNPATH_SEARCH_PATHS = (
					"$(inherited)",
					"@executable_path/Frameworks",
				);
				MARKETING_VERSION = 1.0;
				PRODUCT_BUNDLE_IDENTIFIER = "com.Denisenko.Yury-s-Favourite-Pub";
				PRODUCT_NAME = "$(TARGET_NAME)";
				SWIFT_EMIT_LOC_STRINGS = YES;
				SWIFT_VERSION = 5.0;
				TARGETED_DEVICE_FAMILY = "1,2";
			};
			name = Debug;
		};
		3F05079128CA917D0024B256 /* Release */ = {
			isa = XCBuildConfiguration;
			buildSettings = {
				ASSETCATALOG_COMPILER_APPICON_NAME = AppIcon;
				ASSETCATALOG_COMPILER_GLOBAL_ACCENT_COLOR_NAME = AccentColor;
				CODE_SIGN_STYLE = Automatic;
				CURRENT_PROJECT_VERSION = 1;
				GENERATE_INFOPLIST_FILE = YES;
				INFOPLIST_FILE = "Yury's Favourite Pub/Info.plist";
				INFOPLIST_KEY_UIApplicationSupportsIndirectInputEvents = YES;
				INFOPLIST_KEY_UILaunchStoryboardName = LaunchScreen;
				INFOPLIST_KEY_UIMainStoryboardFile = Main;
				INFOPLIST_KEY_UISupportedInterfaceOrientations_iPad = "UIInterfaceOrientationPortrait UIInterfaceOrientationPortraitUpsideDown UIInterfaceOrientationLandscapeLeft UIInterfaceOrientationLandscapeRight";
				INFOPLIST_KEY_UISupportedInterfaceOrientations_iPhone = "UIInterfaceOrientationPortrait UIInterfaceOrientationLandscapeLeft UIInterfaceOrientationLandscapeRight";
				LD_RUNPATH_SEARCH_PATHS = (
					"$(inherited)",
					"@executable_path/Frameworks",
				);
				MARKETING_VERSION = 1.0;
				PRODUCT_BUNDLE_IDENTIFIER = "com.Denisenko.Yury-s-Favourite-Pub";
				PRODUCT_NAME = "$(TARGET_NAME)";
				SWIFT_EMIT_LOC_STRINGS = YES;
				SWIFT_VERSION = 5.0;
				TARGETED_DEVICE_FAMILY = "1,2";
			};
			name = Release;
		};
/* End XCBuildConfiguration section */

/* Begin XCConfigurationList section */
		3F05077628CA917C0024B256 /* Build configuration list for PBXProject "Yury's Favourite Pub" */ = {
			isa = XCConfigurationList;
			buildConfigurations = (
				3F05078D28CA917D0024B256 /* Debug */,
				3F05078E28CA917D0024B256 /* Release */,
			);
			defaultConfigurationIsVisible = 0;
			defaultConfigurationName = Release;
		};
		3F05078F28CA917D0024B256 /* Build configuration list for PBXNativeTarget "Yury's Favourite Pub" */ = {
			isa = XCConfigurationList;
			buildConfigurations = (
				3F05079028CA917D0024B256 /* Debug */,
				3F05079128CA917D0024B256 /* Release */,
			);
			defaultConfigurationIsVisible = 0;
			defaultConfigurationName = Release;
		};
/* End XCConfigurationList section */
	};
	rootObject = 3F05077328CA917C0024B256 /* Project object */;
}
